
Microsoft Visual Studio Solution File, Format Version 12.00
# Visual Studio Version 16
VisualStudioVersion = 16.0.29519.181
MinimumVisualStudioVersion = 10.0.40219.1
Project("{FAE04EC0-301F-11D3-BF4B-00C04F79EFBC}") = "OtherTestArlenys", "OtherTestArlenys.csproj", "{95BE4716-C4BE-4B4C-9B06-B393A7FE4AD9}"
EndProject
Global
	GlobalSection(SolutionConfigurationPlatforms) = preSolution
		Debug|Any CPU = Debug|Any CPU
		Release|Any CPU = Release|Any CPU
	EndGlobalSection
	GlobalSection(ProjectConfigurationPlatforms) = postSolution
		{95BE4716-C4BE-4B4C-9B06-B393A7FE4AD9}.Debug|Any CPU.ActiveCfg = Debug|Any CPU
		{95BE4716-C4BE-4B4C-9B06-B393A7FE4AD9}.Debug|Any CPU.Build.0 = Debug|Any CPU
		{95BE4716-C4BE-4B4C-9B06-B393A7FE4AD9}.Release|Any CPU.ActiveCfg = Release|Any CPU
		{95BE4716-C4BE-4B4C-9B06-B393A7FE4AD9}.Release|Any CPU.Build.0 = Release|Any CPU
	EndGlobalSection
	GlobalSection(SolutionProperties) = preSolution
		HideSolutionNode = FALSE
	EndGlobalSection
	GlobalSection(ExtensibilityGlobals) = postSolution
		SolutionGuid = {99A1B141-B183-469D-9B3B-532404053A1F}
	EndGlobalSection
EndGlobal
